
Microsoft Visual Studio Solution File, Format Version 12.00
# Visual Studio Version 17
VisualStudioVersion = 17.0.31903.59
MinimumVisualStudioVersion = 10.0.40219.1
Project("{FAE04EC0-301F-11D3-BF4B-00C04F79EFBC}") = "DocumentManager", "src\DocumentManager\DocumentManager.csproj", "{92A87FBB-EC32-4DE6-87F1-8DFAEFE1E94D}"
EndProject
Project("{2150E333-8FDC-42A3-9474-1A3956D46DE8}") = "Solution Items", "Solution Items", "{8A9CD96F-CD46-4B2C-AA79-95EA55667F30}"
	ProjectSection(SolutionItems) = preProject
		.editorconfig = .editorconfig
	EndProjectSection
EndProject
Project("{FAE04EC0-301F-11D3-BF4B-00C04F79EFBC}") = "DocumentManager.BusinessLayer", "src\DocumentManager.BusinessLayer\DocumentManager.BusinessLayer.csproj", "{CC6D0328-FBAC-4353-824B-6B1477BEFC8B}"
EndProject
Project("{FAE04EC0-301F-11D3-BF4B-00C04F79EFBC}") = "DocumentManager.Shared", "src\DocumentManager.Shared\DocumentManager.Shared.csproj", "{DF72289A-0914-48C3-A885-FD8B056FB384}"
EndProject
Global
	GlobalSection(SolutionConfigurationPlatforms) = preSolution
		Debug|Any CPU = Debug|Any CPU
		Release|Any CPU = Release|Any CPU
	EndGlobalSection
	GlobalSection(ProjectConfigurationPlatforms) = postSolution
		{92A87FBB-EC32-4DE6-87F1-8DFAEFE1E94D}.Debug|Any CPU.ActiveCfg = Debug|Any CPU
		{92A87FBB-EC32-4DE6-87F1-8DFAEFE1E94D}.Debug|Any CPU.Build.0 = Debug|Any CPU
		{92A87FBB-EC32-4DE6-87F1-8DFAEFE1E94D}.Release|Any CPU.ActiveCfg = Release|Any CPU
		{92A87FBB-EC32-4DE6-87F1-8DFAEFE1E94D}.Release|Any CPU.Build.0 = Release|Any CPU
		{CC6D0328-FBAC-4353-824B-6B1477BEFC8B}.Debug|Any CPU.ActiveCfg = Debug|Any CPU
		{CC6D0328-FBAC-4353-824B-6B1477BEFC8B}.Debug|Any CPU.Build.0 = Debug|Any CPU
		{CC6D0328-FBAC-4353-824B-6B1477BEFC8B}.Release|Any CPU.ActiveCfg = Release|Any CPU
		{CC6D0328-FBAC-4353-824B-6B1477BEFC8B}.Release|Any CPU.Build.0 = Release|Any CPU
		{DF72289A-0914-48C3-A885-FD8B056FB384}.Debug|Any CPU.ActiveCfg = Debug|Any CPU
		{DF72289A-0914-48C3-A885-FD8B056FB384}.Debug|Any CPU.Build.0 = Debug|Any CPU
		{DF72289A-0914-48C3-A885-FD8B056FB384}.Release|Any CPU.ActiveCfg = Release|Any CPU
		{DF72289A-0914-48C3-A885-FD8B056FB384}.Release|Any CPU.Build.0 = Release|Any CPU
	EndGlobalSection
	GlobalSection(SolutionProperties) = preSolution
		HideSolutionNode = FALSE
	EndGlobalSection
	GlobalSection(ExtensibilityGlobals) = postSolution
		SolutionGuid = {DA830FD3-F8CC-4C5A-8F3F-4198B8886FEB}
	EndGlobalSection
EndGlobal
